
Microsoft Visual Studio Solution File, Format Version 12.00
# Visual Studio Version 16
VisualStudioVersion = 16.0.31729.503
MinimumVisualStudioVersion = 10.0.40219.1
Project("{FAE04EC0-301F-11D3-BF4B-00C04F79EFBC}") = "FinalProject", "FinalProject.csproj", "{C06B7447-8BA7-418D-B777-28C146042B99}"
EndProject
Global
	GlobalSection(SolutionConfigurationPlatforms) = preSolution
		Debug|Any CPU = Debug|Any CPU
		Release|Any CPU = Release|Any CPU
	EndGlobalSection
	GlobalSection(ProjectConfigurationPlatforms) = postSolution
		{C06B7447-8BA7-418D-B777-28C146042B99}.Debug|Any CPU.ActiveCfg = Debug|Any CPU
		{C06B7447-8BA7-418D-B777-28C146042B99}.Debug|Any CPU.Build.0 = Debug|Any CPU
		{C06B7447-8BA7-418D-B777-28C146042B99}.Release|Any CPU.ActiveCfg = Release|Any CPU
		{C06B7447-8BA7-418D-B777-28C146042B99}.Release|Any CPU.Build.0 = Release|Any CPU
	EndGlobalSection
	GlobalSection(SolutionProperties) = preSolution
		HideSolutionNode = FALSE
	EndGlobalSection
	GlobalSection(ExtensibilityGlobals) = postSolution
		SolutionGuid = {2567637F-BB86-4B65-89DB-79D702E3FBAD}
	EndGlobalSection
EndGlobal
